
Microsoft Visual Studio Solution File, Format Version 12.00
# Visual Studio Version 16
VisualStudioVersion = 16.0.31624.102
MinimumVisualStudioVersion = 10.0.40219.1
Project("{FAE04EC0-301F-11D3-BF4B-00C04F79EFBC}") = "HP4395A_Screen_Grabber", "HP4395A_Screen_Grabber\HP4395A_Screen_Grabber.csproj", "{3A167391-035D-4DA3-9EA8-17E2E9367C4C}"
EndProject
Global
	GlobalSection(SolutionConfigurationPlatforms) = preSolution
		Debug|Any CPU = Debug|Any CPU
		Release|Any CPU = Release|Any CPU
	EndGlobalSection
	GlobalSection(ProjectConfigurationPlatforms) = postSolution
		{3A167391-035D-4DA3-9EA8-17E2E9367C4C}.Debug|Any CPU.ActiveCfg = Debug|Any CPU
		{3A167391-035D-4DA3-9EA8-17E2E9367C4C}.Debug|Any CPU.Build.0 = Debug|Any CPU
		{3A167391-035D-4DA3-9EA8-17E2E9367C4C}.Release|Any CPU.ActiveCfg = Release|Any CPU
		{3A167391-035D-4DA3-9EA8-17E2E9367C4C}.Release|Any CPU.Build.0 = Release|Any CPU
	EndGlobalSection
	GlobalSection(SolutionProperties) = preSolution
		HideSolutionNode = FALSE
	EndGlobalSection
	GlobalSection(ExtensibilityGlobals) = postSolution
		SolutionGuid = {80E0E42F-3F95-4933-9B22-6788DDE4BDFB}
	EndGlobalSection
EndGlobal
